// !$*UTF8*$!
{
	archiveVersion = 1;
	classes = {
	};
	objectVersion = 56;
	objects = {

/* Begin PBXBuildFile section */
		0333D5C72C055E8C005B7E24 /* AppDelegate.swift in Sources */ = {isa = PBXBuildFile; fileRef = 0333D5C62C055E8C005B7E24 /* AppDelegate.swift */; };
		0333D5C92C055E8C005B7E24 /* SceneDelegate.swift in Sources */ = {isa = PBXBuildFile; fileRef = 0333D5C82C055E8C005B7E24 /* SceneDelegate.swift */; };
		0333D5CB2C055E8C005B7E24 /* ViewController.swift in Sources */ = {isa = PBXBuildFile; fileRef = 0333D5CA2C055E8C005B7E24 /* ViewController.swift */; };
		0333D5CE2C055E8C005B7E24 /* Base in Resources */ = {isa = PBXBuildFile; fileRef = 0333D5CD2C055E8C005B7E24 /* Base */; };
		0333D5D02C055E8D005B7E24 /* Assets.xcassets in Resources */ = {isa = PBXBuildFile; fileRef = 0333D5CF2C055E8D005B7E24 /* Assets.xcassets */; };
		0333D5D32C055E8D005B7E24 /* Base in Resources */ = {isa = PBXBuildFile; fileRef = 0333D5D22C055E8D005B7E24 /* Base */; };
		0333D5DB2C05602E005B7E24 /* Home.storyboard in Resources */ = {isa = PBXBuildFile; fileRef = 0333D5DA2C05602E005B7E24 /* Home.storyboard */; };
		0333D5E12C056053005B7E24 /* Search.storyboard in Resources */ = {isa = PBXBuildFile; fileRef = 0333D5E02C056053005B7E24 /* Search.storyboard */; };
		0333D5E32C056058005B7E24 /* Setting.storyboard in Resources */ = {isa = PBXBuildFile; fileRef = 0333D5E22C056058005B7E24 /* Setting.storyboard */; };
		0333D5E82C0563AB005B7E24 /* HomeViewController.swift in Sources */ = {isa = PBXBuildFile; fileRef = 0333D5E72C0563AB005B7E24 /* HomeViewController.swift */; };
		0333D5EA2C0563B4005B7E24 /* SearchViewController.swift in Sources */ = {isa = PBXBuildFile; fileRef = 0333D5E92C0563B4005B7E24 /* SearchViewController.swift */; };
		0333D5EC2C0563BC005B7E24 /* SettingViewController.swift in Sources */ = {isa = PBXBuildFile; fileRef = 0333D5EB2C0563BC005B7E24 /* SettingViewController.swift */; };
/* End PBXBuildFile section */

/* Begin PBXFileReference section */
		0333D5C32C055E8C005B7E24 /* Week3.app */ = {isa = PBXFileReference; explicitFileType = wrapper.application; includeInIndex = 0; path = Week3.app; sourceTree = BUILT_PRODUCTS_DIR; };
		0333D5C62C055E8C005B7E24 /* AppDelegate.swift */ = {isa = PBXFileReference; lastKnownFileType = sourcecode.swift; path = AppDelegate.swift; sourceTree = "<group>"; };
		0333D5C82C055E8C005B7E24 /* SceneDelegate.swift */ = {isa = PBXFileReference; lastKnownFileType = sourcecode.swift; path = SceneDelegate.swift; sourceTree = "<group>"; };
		0333D5CA2C055E8C005B7E24 /* ViewController.swift */ = {isa = PBXFileReference; lastKnownFileType = sourcecode.swift; path = ViewController.swift; sourceTree = "<group>"; };
		0333D5CD2C055E8C005B7E24 /* Base */ = {isa = PBXFileReference; lastKnownFileType = file.storyboard; name = Base; path = Base.lproj/Main.storyboard; sourceTree = "<group>"; };
		0333D5CF2C055E8D005B7E24 /* Assets.xcassets */ = {isa = PBXFileReference; lastKnownFileType = folder.assetcatalog; path = Assets.xcassets; sourceTree = "<group>"; };
		0333D5D22C055E8D005B7E24 /* Base */ = {isa = PBXFileReference; lastKnownFileType = file.storyboard; name = Base; path = Base.lproj/LaunchScreen.storyboard; sourceTree = "<group>"; };
		0333D5D42C055E8D005B7E24 /* Info.plist */ = {isa = PBXFileReference; lastKnownFileType = text.plist.xml; path = Info.plist; sourceTree = "<group>"; };
		0333D5DA2C05602E005B7E24 /* Home.storyboard */ = {isa = PBXFileReference; lastKnownFileType = file.storyboard; path = Home.storyboard; sourceTree = "<group>"; };
		0333D5E02C056053005B7E24 /* Search.storyboard */ = {isa = PBXFileReference; lastKnownFileType = file.storyboard; path = Search.storyboard; sourceTree = "<group>"; };
		0333D5E22C056058005B7E24 /* Setting.storyboard */ = {isa = PBXFileReference; lastKnownFileType = file.storyboard; path = Setting.storyboard; sourceTree = "<group>"; };
		0333D5E72C0563AB005B7E24 /* HomeViewController.swift */ = {isa = PBXFileReference; lastKnownFileType = sourcecode.swift; path = HomeViewController.swift; sourceTree = "<group>"; };
		0333D5E92C0563B4005B7E24 /* SearchViewController.swift */ = {isa = PBXFileReference; lastKnownFileType = sourcecode.swift; path = SearchViewController.swift; sourceTree = "<group>"; };
		0333D5EB2C0563BC005B7E24 /* SettingViewController.swift */ = {isa = PBXFileReference; lastKnownFileType = sourcecode.swift; path = SettingViewController.swift; sourceTree = "<group>"; };
/* End PBXFileReference section */

/* Begin PBXFrameworksBuildPhase section */
		0333D5C02C055E8C005B7E24 /* Frameworks */ = {
			isa = PBXFrameworksBuildPhase;
			buildActionMask = 2147483647;
			files = (
			);
			runOnlyForDeploymentPostprocessing = 0;
		};
/* End PBXFrameworksBuildPhase section */

/* Begin PBXGroup section */
		0333D5BA2C055E8C005B7E24 = {
			isa = PBXGroup;
			children = (
				0333D5C52C055E8C005B7E24 /* Week3 */,
				0333D5C42C055E8C005B7E24 /* Products */,
			);
			sourceTree = "<group>";
		};
		0333D5C42C055E8C005B7E24 /* Products */ = {
			isa = PBXGroup;
			children = (
				0333D5C32C055E8C005B7E24 /* Week3.app */,
			);
			name = Products;
			sourceTree = "<group>";
		};
		0333D5C52C055E8C005B7E24 /* Week3 */ = {
			isa = PBXGroup;
			children = (
				0333D5E62C056366005B7E24 /* Setting */,
				0333D5E52C05635F005B7E24 /* Search */,
				0333D5E42C056321005B7E24 /* Home */,
				0333D5C62C055E8C005B7E24 /* AppDelegate.swift */,
				0333D5C82C055E8C005B7E24 /* SceneDelegate.swift */,
				0333D5CA2C055E8C005B7E24 /* ViewController.swift */,
				0333D5CC2C055E8C005B7E24 /* Main.storyboard */,
				0333D5DA2C05602E005B7E24 /* Home.storyboard */,
				0333D5E02C056053005B7E24 /* Search.storyboard */,
				0333D5E22C056058005B7E24 /* Setting.storyboard */,
				0333D5CF2C055E8D005B7E24 /* Assets.xcassets */,
				0333D5D12C055E8D005B7E24 /* LaunchScreen.storyboard */,
				0333D5D42C055E8D005B7E24 /* Info.plist */,
			);
			path = Week3;
			sourceTree = "<group>";
		};
		0333D5E42C056321005B7E24 /* Home */ = {
			isa = PBXGroup;
			children = (
				0333D5E72C0563AB005B7E24 /* HomeViewController.swift */,
			);
			path = Home;
			sourceTree = "<group>";
		};
		0333D5E52C05635F005B7E24 /* Search */ = {
			isa = PBXGroup;
			children = (
				0333D5E92C0563B4005B7E24 /* SearchViewController.swift */,
			);
			path = Search;
			sourceTree = "<group>";
		};
		0333D5E62C056366005B7E24 /* Setting */ = {
			isa = PBXGroup;
			children = (
				0333D5EB2C0563BC005B7E24 /* SettingViewController.swift */,
			);
			path = Setting;
			sourceTree = "<group>";
		};
/* End PBXGroup section */

/* Begin PBXNativeTarget section */
		0333D5C22C055E8C005B7E24 /* Week3 */ = {
			isa = PBXNativeTarget;
			buildConfigurationList = 0333D5D72C055E8D005B7E24 /* Build configuration list for PBXNativeTarget "Week3" */;
			buildPhases = (
				0333D5BF2C055E8C005B7E24 /* Sources */,
				0333D5C02C055E8C005B7E24 /* Frameworks */,
				0333D5C12C055E8C005B7E24 /* Resources */,
			);
			buildRules = (
			);
			dependencies = (
			);
			name = Week3;
			productName = Week3;
			productReference = 0333D5C32C055E8C005B7E24 /* Week3.app */;
			productType = "com.apple.product-type.application";
		};
/* End PBXNativeTarget section */

/* Begin PBXProject section */
		0333D5BB2C055E8C005B7E24 /* Project object */ = {
			isa = PBXProject;
			attributes = {
				BuildIndependentTargetsInParallel = 1;
				LastSwiftUpdateCheck = 1530;
				LastUpgradeCheck = 1530;
				TargetAttributes = {
					0333D5C22C055E8C005B7E24 = {
						CreatedOnToolsVersion = 15.3;
					};
				};
			};
			buildConfigurationList = 0333D5BE2C055E8C005B7E24 /* Build configuration list for PBXProject "Week3" */;
			compatibilityVersion = "Xcode 14.0";
			developmentRegion = en;
			hasScannedForEncodings = 0;
			knownRegions = (
				en,
				Base,
			);
			mainGroup = 0333D5BA2C055E8C005B7E24;
			productRefGroup = 0333D5C42C055E8C005B7E24 /* Products */;
			projectDirPath = "";
			projectRoot = "";
			targets = (
				0333D5C22C055E8C005B7E24 /* Week3 */,
			);
		};
/* End PBXProject section */

/* Begin PBXResourcesBuildPhase section */
		0333D5C12C055E8C005B7E24 /* Resources */ = {
			isa = PBXResourcesBuildPhase;
			buildActionMask = 2147483647;
			files = (
				0333D5D02C055E8D005B7E24 /* Assets.xcassets in Resources */,
				0333D5D32C055E8D005B7E24 /* Base in Resources */,
				0333D5CE2C055E8C005B7E24 /* Base in Resources */,
				0333D5DB2C05602E005B7E24 /* Home.storyboard in Resources */,
				0333D5E12C056053005B7E24 /* Search.storyboard in Resources */,
				0333D5E32C056058005B7E24 /* Setting.storyboard in Resources */,
			);
			runOnlyForDeploymentPostprocessing = 0;
		};
/* End PBXResourcesBuildPhase section */

/* Begin PBXSourcesBuildPhase section */
		0333D5BF2C055E8C005B7E24 /* Sources */ = {
			isa = PBXSourcesBuildPhase;
			buildActionMask = 2147483647;
			files = (
				0333D5EA2C0563B4005B7E24 /* SearchViewController.swift in Sources */,
				0333D5CB2C055E8C005B7E24 /* ViewController.swift in Sources */,
				0333D5C72C055E8C005B7E24 /* AppDelegate.swift in Sources */,
				0333D5C92C055E8C005B7E24 /* SceneDelegate.swift in Sources */,
				0333D5E82C0563AB005B7E24 /* HomeViewController.swift in Sources */,
				0333D5EC2C0563BC005B7E24 /* SettingViewController.swift in Sources */,
			);
			runOnlyForDeploymentPostprocessing = 0;
		};
/* End PBXSourcesBuildPhase section */

/* Begin PBXVariantGroup section */
		0333D5CC2C055E8C005B7E24 /* Main.storyboard */ = {
			isa = PBXVariantGroup;
			children = (
				0333D5CD2C055E8C005B7E24 /* Base */,
			);
			name = Main.storyboard;
			sourceTree = "<group>";
		};
		0333D5D12C055E8D005B7E24 /* LaunchScreen.storyboard */ = {
			isa = PBXVariantGroup;
			children = (
				0333D5D22C055E8D005B7E24 /* Base */,
			);
			name = LaunchScreen.storyboard;
			sourceTree = "<group>";
		};
/* End PBXVariantGroup section */

/* Begin XCBuildConfiguration section */
		0333D5D52C055E8D005B7E24 /* Debug */ = {
			isa = XCBuildConfiguration;
			buildSettings = {
				ALWAYS_SEARCH_USER_PATHS = NO;
				ASSETCATALOG_COMPILER_GENERATE_SWIFT_ASSET_SYMBOL_EXTENSIONS = YES;
				CLANG_ANALYZER_NONNULL = YES;
				CLANG_ANALYZER_NUMBER_OBJECT_CONVERSION = YES_AGGRESSIVE;
				CLANG_CXX_LANGUAGE_STANDARD = "gnu++20";
				CLANG_ENABLE_MODULES = YES;
				CLANG_ENABLE_OBJC_ARC = YES;
				CLANG_ENABLE_OBJC_WEAK = YES;
				CLANG_WARN_BLOCK_CAPTURE_AUTORELEASING = YES;
				CLANG_WARN_BOOL_CONVERSION = YES;
				CLANG_WARN_COMMA = YES;
				CLANG_WARN_CONSTANT_CONVERSION = YES;
				CLANG_WARN_DEPRECATED_OBJC_IMPLEMENTATIONS = YES;
				CLANG_WARN_DIRECT_OBJC_ISA_USAGE = YES_ERROR;
				CLANG_WARN_DOCUMENTATION_COMMENTS = YES;
				CLANG_WARN_EMPTY_BODY = YES;
				CLANG_WARN_ENUM_CONVERSION = YES;
				CLANG_WARN_INFINITE_RECURSION = YES;
				CLANG_WARN_INT_CONVERSION = YES;
				CLANG_WARN_NON_LITERAL_NULL_CONVERSION = YES;
				CLANG_WARN_OBJC_IMPLICIT_RETAIN_SELF = YES;
				CLANG_WARN_OBJC_LITERAL_CONVERSION = YES;
				CLANG_WARN_OBJC_ROOT_CLASS = YES_ERROR;
				CLANG_WARN_QUOTED_INCLUDE_IN_FRAMEWORK_HEADER = YES;
				CLANG_WARN_RANGE_LOOP_ANALYSIS = YES;
				CLANG_WARN_STRICT_PROTOTYPES = YES;
				CLANG_WARN_SUSPICIOUS_MOVE = YES;
				CLANG_WARN_UNGUARDED_AVAILABILITY = YES_AGGRESSIVE;
				CLANG_WARN_UNREACHABLE_CODE = YES;
				CLANG_WARN__DUPLICATE_METHOD_MATCH = YES;
				COPY_PHASE_STRIP = NO;
				DEBUG_INFORMATION_FORMAT = dwarf;
				ENABLE_STRICT_OBJC_MSGSEND = YES;
				ENABLE_TESTABILITY = YES;
				ENABLE_USER_SCRIPT_SANDBOXING = YES;
				GCC_C_LANGUAGE_STANDARD = gnu17;
				GCC_DYNAMIC_NO_PIC = NO;
				GCC_NO_COMMON_BLOCKS = YES;
				GCC_OPTIMIZATION_LEVEL = 0;
				GCC_PREPROCESSOR_DEFINITIONS = (
					"DEBUG=1",
					"$(inherited)",
				);
				GCC_WARN_64_TO_32_BIT_CONVERSION = YES;
				GCC_WARN_ABOUT_RETURN_TYPE = YES_ERROR;
				GCC_WARN_UNDECLARED_SELECTOR = YES;
				GCC_WARN_UNINITIALIZED_AUTOS = YES_AGGRESSIVE;
				GCC_WARN_UNUSED_FUNCTION = YES;
				GCC_WARN_UNUSED_VARIABLE = YES;
				IPHONEOS_DEPLOYMENT_TARGET = 17.4;
				LOCALIZATION_PREFERS_STRING_CATALOGS = YES;
				MTL_ENABLE_DEBUG_INFO = INCLUDE_SOURCE;
				MTL_FAST_MATH = YES;
				ONLY_ACTIVE_ARCH = YES;
				SDKROOT = iphoneos;
				SWIFT_ACTIVE_COMPILATION_CONDITIONS = "DEBUG $(inherited)";
				SWIFT_OPTIMIZATION_LEVEL = "-Onone";
			};
			name = Debug;
		};
		0333D5D62C055E8D005B7E24 /* Release */ = {
			isa = XCBuildConfiguration;
			buildSettings = {
				ALWAYS_SEARCH_USER_PATHS = NO;
				ASSETCATALOG_COMPILER_GENERATE_SWIFT_ASSET_SYMBOL_EXTENSIONS = YES;
				CLANG_ANALYZER_NONNULL = YES;
				CLANG_ANALYZER_NUMBER_OBJECT_CONVERSION = YES_AGGRESSIVE;
				CLANG_CXX_LANGUAGE_STANDARD = "gnu++20";
				CLANG_ENABLE_MODULES = YES;
				CLANG_ENABLE_OBJC_ARC = YES;
				CLANG_ENABLE_OBJC_WEAK = YES;
				CLANG_WARN_BLOCK_CAPTURE_AUTORELEASING = YES;
				CLANG_WARN_BOOL_CONVERSION = YES;
				CLANG_WARN_COMMA = YES;
				CLANG_WARN_CONSTANT_CONVERSION = YES;
				CLANG_WARN_DEPRECATED_OBJC_IMPLEMENTATIONS = YES;
				CLANG_WARN_DIRECT_OBJC_ISA_USAGE = YES_ERROR;
				CLANG_WARN_DOCUMENTATION_COMMENTS = YES;
				CLANG_WARN_EMPTY_BODY = YES;
				CLANG_WARN_ENUM_CONVERSION = YES;
				CLANG_WARN_INFINITE_RECURSION = YES;
				CLANG_WARN_INT_CONVERSION = YES;
				CLANG_WARN_NON_LITERAL_NULL_CONVERSION = YES;
				CLANG_WARN_OBJC_IMPLICIT_RETAIN_SELF = YES;
				CLANG_WARN_OBJC_LITERAL_CONVERSION = YES;
				CLANG_WARN_OBJC_ROOT_CLASS = YES_ERROR;
				CLANG_WARN_QUOTED_INCLUDE_IN_FRAMEWORK_HEADER = YES;
				CLANG_WARN_RANGE_LOOP_ANALYSIS = YES;
				CLANG_WARN_STRICT_PROTOTYPES = YES;
				CLANG_WARN_SUSPICIOUS_MOVE = YES;
				CLANG_WARN_UNGUARDED_AVAILABILITY = YES_AGGRESSIVE;
				CLANG_WARN_UNREACHABLE_CODE = YES;
				CLANG_WARN__DUPLICATE_METHOD_MATCH = YES;
				COPY_PHASE_STRIP = NO;
				DEBUG_INFORMATION_FORMAT = "dwarf-with-dsym";
				ENABLE_NS_ASSERTIONS = NO;
				ENABLE_STRICT_OBJC_MSGSEND = YES;
				ENABLE_USER_SCRIPT_SANDBOXING = YES;
				GCC_C_LANGUAGE_STANDARD = gnu17;
				GCC_NO_COMMON_BLOCKS = YES;
				GCC_WARN_64_TO_32_BIT_CONVERSION = YES;
				GCC_WARN_ABOUT_RETURN_TYPE = YES_ERROR;
				GCC_WARN_UNDECLARED_SELECTOR = YES;
				GCC_WARN_UNINITIALIZED_AUTOS = YES_AGGRESSIVE;
				GCC_WARN_UNUSED_FUNCTION = YES;
				GCC_WARN_UNUSED_VARIABLE = YES;
				IPHONEOS_DEPLOYMENT_TARGET = 17.4;
				LOCALIZATION_PREFERS_STRING_CATALOGS = YES;
				MTL_ENABLE_DEBUG_INFO = NO;
				MTL_FAST_MATH = YES;
				SDKROOT = iphoneos;
				SWIFT_COMPILATION_MODE = wholemodule;
				VALIDATE_PRODUCT = YES;
			};
			name = Release;
		};
		0333D5D82C055E8D005B7E24 /* Debug */ = {
			isa = XCBuildConfiguration;
			buildSettings = {
				ASSETCATALOG_COMPILER_APPICON_NAME = AppIcon;
				ASSETCATALOG_COMPILER_GLOBAL_ACCENT_COLOR_NAME = AccentColor;
				CODE_SIGN_STYLE = Automatic;
				CURRENT_PROJECT_VERSION = 1;
				DEVELOPMENT_TEAM = N727744RT8;
				GENERATE_INFOPLIST_FILE = YES;
				INFOPLIST_FILE = Week3/Info.plist;
				INFOPLIST_KEY_UIApplicationSupportsIndirectInputEvents = YES;
				INFOPLIST_KEY_UILaunchStoryboardName = LaunchScreen;
				INFOPLIST_KEY_UIMainStoryboardFile = Main;
				INFOPLIST_KEY_UISupportedInterfaceOrientations_iPad = "UIInterfaceOrientationPortrait UIInterfaceOrientationPortraitUpsideDown UIInterfaceOrientationLandscapeLeft UIInterfaceOrientationLandscapeRight";
				INFOPLIST_KEY_UISupportedInterfaceOrientations_iPhone = "UIInterfaceOrientationPortrait UIInterfaceOrientationLandscapeLeft UIInterfaceOrientationLandscapeRight";
				LD_RUNPATH_SEARCH_PATHS = (
					"$(inherited)",
					"@executable_path/Frameworks",
				);
				MARKETING_VERSION = 1.0;
				PRODUCT_BUNDLE_IDENTIFIER = com.jimmy.Week3;
				PRODUCT_NAME = "$(TARGET_NAME)";
				SWIFT_EMIT_LOC_STRINGS = YES;
				SWIFT_VERSION = 5.0;
				TARGETED_DEVICE_FAMILY = "1,2";
			};
			name = Debug;
		};
		0333D5D92C055E8D005B7E24 /* Release */ = {
			isa = XCBuildConfiguration;
			buildSettings = {
				ASSETCATALOG_COMPILER_APPICON_NAME = AppIcon;
				ASSETCATALOG_COMPILER_GLOBAL_ACCENT_COLOR_NAME = AccentColor;
				CODE_SIGN_STYLE = Automatic;
				CURRENT_PROJECT_VERSION = 1;
				DEVELOPMENT_TEAM = N727744RT8;
				GENERATE_INFOPLIST_FILE = YES;
				INFOPLIST_FILE = Week3/Info.plist;
				INFOPLIST_KEY_UIApplicationSupportsIndirectInputEvents = YES;
				INFOPLIST_KEY_UILaunchStoryboardName = LaunchScreen;
				INFOPLIST_KEY_UIMainStoryboardFile = Main;
				INFOPLIST_KEY_UISupportedInterfaceOrientations_iPad = "UIInterfaceOrientationPortrait UIInterfaceOrientationPortraitUpsideDown UIInterfaceOrientationLandscapeLeft UIInterfaceOrientationLandscapeRight";
				INFOPLIST_KEY_UISupportedInterfaceOrientations_iPhone = "UIInterfaceOrientationPortrait UIInterfaceOrientationLandscapeLeft UIInterfaceOrientationLandscapeRight";
				LD_RUNPATH_SEARCH_PATHS = (
					"$(inherited)",
					"@executable_path/Frameworks",
				);
				MARKETING_VERSION = 1.0;
				PRODUCT_BUNDLE_IDENTIFIER = com.jimmy.Week3;
				PRODUCT_NAME = "$(TARGET_NAME)";
				SWIFT_EMIT_LOC_STRINGS = YES;
				SWIFT_VERSION = 5.0;
				TARGETED_DEVICE_FAMILY = "1,2";
			};
			name = Release;
		};
/* End XCBuildConfiguration section */

/* Begin XCConfigurationList section */
		0333D5BE2C055E8C005B7E24 /* Build configuration list for PBXProject "Week3" */ = {
			isa = XCConfigurationList;
			buildConfigurations = (
				0333D5D52C055E8D005B7E24 /* Debug */,
				0333D5D62C055E8D005B7E24 /* Release */,
			);
			defaultConfigurationIsVisible = 0;
			defaultConfigurationName = Release;
		};
		0333D5D72C055E8D005B7E24 /* Build configuration list for PBXNativeTarget "Week3" */ = {
			isa = XCConfigurationList;
			buildConfigurations = (
				0333D5D82C055E8D005B7E24 /* Debug */,
				0333D5D92C055E8D005B7E24 /* Release */,
			);
			defaultConfigurationIsVisible = 0;
			defaultConfigurationName = Release;
		};
/* End XCConfigurationList section */
	};
	rootObject = 0333D5BB2C055E8C005B7E24 /* Project object */;
}
